// !$*UTF8*$!
{
	archiveVersion = 1;
	classes = {
	};
	objectVersion = 46;
	objects = {

/* Begin PBXBuildFile section */
		E004D02E1B1C962A0056159B /* main.m in Sources */ = {isa = PBXBuildFile; fileRef = E004D02D1B1C962A0056159B /* main.m */; };
		E004D0311B1C962A0056159B /* AppDelegate.m in Sources */ = {isa = PBXBuildFile; fileRef = E004D0301B1C962A0056159B /* AppDelegate.m */; };
		E004D0391B1C962A0056159B /* Images.xcassets in Resources */ = {isa = PBXBuildFile; fileRef = E004D0381B1C962A0056159B /* Images.xcassets */; };
		E004D03C1B1C962A0056159B /* LaunchScreen.xib in Resources */ = {isa = PBXBuildFile; fileRef = E004D03A1B1C962A0056159B /* LaunchScreen.xib */; };
		E004D0481B1C962A0056159B /* WZDraggableSwitchHeaderViewDemoTests.m in Sources */ = {isa = PBXBuildFile; fileRef = E004D0471B1C962A0056159B /* WZDraggableSwitchHeaderViewDemoTests.m */; };
		E0C07EA81B1D5ACE00FF008D /* Fundamental Brigade Condensed.ttf in Resources */ = {isa = PBXBuildFile; fileRef = E0C07E9B1B1D5ACE00FF008D /* Fundamental Brigade Condensed.ttf */; };
		E0C07EA91B1D5ACE00FF008D /* Fundamental Brigade Schlank.ttf in Resources */ = {isa = PBXBuildFile; fileRef = E0C07E9C1B1D5ACE00FF008D /* Fundamental Brigade Schlank.ttf */; };
		E0C07EAA1B1D5ACE00FF008D /* Fundamental Brigade Schwer.ttf in Resources */ = {isa = PBXBuildFile; fileRef = E0C07E9D1B1D5ACE00FF008D /* Fundamental Brigade Schwer.ttf */; };
		E0C07EAB1B1D5ACE00FF008D /* Fundamental Brigade.ttf in Resources */ = {isa = PBXBuildFile; fileRef = E0C07E9E1B1D5ACE00FF008D /* Fundamental Brigade.ttf */; };
		E0C07EAC1B1D5ACE00FF008D /* hc-drib3.png in Resources */ = {isa = PBXBuildFile; fileRef = E0C07EA01B1D5ACE00FF008D /* hc-drib3.png */; };
		E0C07EAD1B1D5ACE00FF008D /* ios7-cloudy.png in Resources */ = {isa = PBXBuildFile; fileRef = E0C07EA11B1D5ACE00FF008D /* ios7-cloudy.png */; };
		E0C07EAE1B1D5ACE00FF008D /* load-a.png in Resources */ = {isa = PBXBuildFile; fileRef = E0C07EA21B1D5ACE00FF008D /* load-a.png */; };
		E0C07EAF1B1D5ACE00FF008D /* social-dribbble-outline.png in Resources */ = {isa = PBXBuildFile; fileRef = E0C07EA31B1D5ACE00FF008D /* social-dribbble-outline.png */; };
		E0C07EB01B1D5ACE00FF008D /* social-dropbox.png in Resources */ = {isa = PBXBuildFile; fileRef = E0C07EA41B1D5ACE00FF008D /* social-dropbox.png */; };
		E0C07EB11B1D5ACE00FF008D /* social-github.png in Resources */ = {isa = PBXBuildFile; fileRef = E0C07EA51B1D5ACE00FF008D /* social-github.png */; };
		E0C07EB21B1D5ACE00FF008D /* social-instagram.png in Resources */ = {isa = PBXBuildFile; fileRef = E0C07EA61B1D5ACE00FF008D /* social-instagram.png */; };
		E0C07EB31B1D5ACE00FF008D /* up_arrow.png in Resources */ = {isa = PBXBuildFile; fileRef = E0C07EA71B1D5ACE00FF008D /* up_arrow.png */; };
		E0C07EBD1B1D5AE900FF008D /* UIColor+WZAnimatingTransition.m in Sources */ = {isa = PBXBuildFile; fileRef = E0C07EB51B1D5AE900FF008D /* UIColor+WZAnimatingTransition.m */; };
		E0C07EBE1B1D5AE900FF008D /* WZAnimatingTransitionCell.m in Sources */ = {isa = PBXBuildFile; fileRef = E0C07EB71B1D5AE900FF008D /* WZAnimatingTransitionCell.m */; };
		E0C07EBF1B1D5AE900FF008D /* WZAnimatingTransitionCell.xib in Resources */ = {isa = PBXBuildFile; fileRef = E0C07EB81B1D5AE900FF008D /* WZAnimatingTransitionCell.xib */; };
		E0C07EC01B1D5AE900FF008D /* WZTransitionDetailController.m in Sources */ = {isa = PBXBuildFile; fileRef = E0C07EBA1B1D5AE900FF008D /* WZTransitionDetailController.m */; };
		E0C07EC11B1D5AE900FF008D /* WZTransitionTableController.m in Sources */ = {isa = PBXBuildFile; fileRef = E0C07EBC1B1D5AE900FF008D /* WZTransitionTableController.m */; };
		E0C07EC51B1D624B00FF008D /* WZDraggableSwitchHeaderView.m in Sources */ = {isa = PBXBuildFile; fileRef = E0C07EC41B1D624B00FF008D /* WZDraggableSwitchHeaderView.m */; };
		E0C07EC81B1D64CA00FF008D /* WZAnimatingTransition.m in Sources */ = {isa = PBXBuildFile; fileRef = E0C07EC71B1D64CA00FF008D /* WZAnimatingTransition.m */; };
		E0C07F321B21965D00FF008D /* bg.png in Resources */ = {isa = PBXBuildFile; fileRef = E0C07F311B21965D00FF008D /* bg.png */; };
/* End PBXBuildFile section */

/* Begin PBXContainerItemProxy section */
		E004D0421B1C962A0056159B /* PBXContainerItemProxy */ = {
			isa = PBXContainerItemProxy;
			containerPortal = E004D0201B1C96290056159B /* Project object */;
			proxyType = 1;
			remoteGlobalIDString = E004D0271B1C962A0056159B;
			remoteInfo = WZDraggableSwitchHeaderViewDemo;
		};
/* End PBXContainerItemProxy section */

/* Begin PBXFileReference section */
		E004D0281B1C962A0056159B /* WZDraggableSwitchHeaderViewDemo.app */ = {isa = PBXFileReference; explicitFileType = wrapper.application; includeInIndex = 0; path = WZDraggableSwitchHeaderViewDemo.app; sourceTree = BUILT_PRODUCTS_DIR; };
		E004D02C1B1C962A0056159B /* Info.plist */ = {isa = PBXFileReference; lastKnownFileType = text.plist.xml; path = Info.plist; sourceTree = "<group>"; };
		E004D02D1B1C962A0056159B /* main.m */ = {isa = PBXFileReference; lastKnownFileType = sourcecode.c.objc; path = main.m; sourceTree = "<group>"; };
		E004D02F1B1C962A0056159B /* AppDelegate.h */ = {isa = PBXFileReference; lastKnownFileType = sourcecode.c.h; path = AppDelegate.h; sourceTree = "<group>"; };
		E004D0301B1C962A0056159B /* AppDelegate.m */ = {isa = PBXFileReference; lastKnownFileType = sourcecode.c.objc; path = AppDelegate.m; sourceTree = "<group>"; };
		E004D0381B1C962A0056159B /* Images.xcassets */ = {isa = PBXFileReference; lastKnownFileType = folder.assetcatalog; path = Images.xcassets; sourceTree = "<group>"; };
		E004D03B1B1C962A0056159B /* Base */ = {isa = PBXFileReference; lastKnownFileType = file.xib; name = Base; path = Base.lproj/LaunchScreen.xib; sourceTree = "<group>"; };
		E004D0411B1C962A0056159B /* WZDraggableSwitchHeaderViewDemoTests.xctest */ = {isa = PBXFileReference; explicitFileType = wrapper.cfbundle; includeInIndex = 0; path = WZDraggableSwitchHeaderViewDemoTests.xctest; sourceTree = BUILT_PRODUCTS_DIR; };
		E004D0461B1C962A0056159B /* Info.plist */ = {isa = PBXFileReference; lastKnownFileType = text.plist.xml; path = Info.plist; sourceTree = "<group>"; };
		E004D0471B1C962A0056159B /* WZDraggableSwitchHeaderViewDemoTests.m */ = {isa = PBXFileReference; lastKnownFileType = sourcecode.c.objc; path = WZDraggableSwitchHeaderViewDemoTests.m; sourceTree = "<group>"; };
		E0C07E9B1B1D5ACE00FF008D /* Fundamental Brigade Condensed.ttf */ = {isa = PBXFileReference; lastKnownFileType = file; path = "Fundamental Brigade Condensed.ttf"; sourceTree = "<group>"; };
		E0C07E9C1B1D5ACE00FF008D /* Fundamental Brigade Schlank.ttf */ = {isa = PBXFileReference; lastKnownFileType = file; path = "Fundamental Brigade Schlank.ttf"; sourceTree = "<group>"; };
		E0C07E9D1B1D5ACE00FF008D /* Fundamental Brigade Schwer.ttf */ = {isa = PBXFileReference; lastKnownFileType = file; path = "Fundamental Brigade Schwer.ttf"; sourceTree = "<group>"; };
		E0C07E9E1B1D5ACE00FF008D /* Fundamental Brigade.ttf */ = {isa = PBXFileReference; lastKnownFileType = file; path = "Fundamental Brigade.ttf"; sourceTree = "<group>"; };
		E0C07EA01B1D5ACE00FF008D /* hc-drib3.png */ = {isa = PBXFileReference; lastKnownFileType = image.png; path = "hc-drib3.png"; sourceTree = "<group>"; };
		E0C07EA11B1D5ACE00FF008D /* ios7-cloudy.png */ = {isa = PBXFileReference; lastKnownFileType = image.png; path = "ios7-cloudy.png"; sourceTree = "<group>"; };
		E0C07EA21B1D5ACE00FF008D /* load-a.png */ = {isa = PBXFileReference; lastKnownFileType = image.png; path = "load-a.png"; sourceTree = "<group>"; };
		E0C07EA31B1D5ACE00FF008D /* social-dribbble-outline.png */ = {isa = PBXFileReference; lastKnownFileType = image.png; path = "social-dribbble-outline.png"; sourceTree = "<group>"; };
		E0C07EA41B1D5ACE00FF008D /* social-dropbox.png */ = {isa = PBXFileReference; lastKnownFileType = image.png; path = "social-dropbox.png"; sourceTree = "<group>"; };
		E0C07EA51B1D5ACE00FF008D /* social-github.png */ = {isa = PBXFileReference; lastKnownFileType = image.png; path = "social-github.png"; sourceTree = "<group>"; };
		E0C07EA61B1D5ACE00FF008D /* social-instagram.png */ = {isa = PBXFileReference; lastKnownFileType = image.png; path = "social-instagram.png"; sourceTree = "<group>"; };
		E0C07EA71B1D5ACE00FF008D /* up_arrow.png */ = {isa = PBXFileReference; lastKnownFileType = image.png; path = up_arrow.png; sourceTree = "<group>"; };
		E0C07EB41B1D5AE900FF008D /* UIColor+WZAnimatingTransition.h */ = {isa = PBXFileReference; fileEncoding = 4; lastKnownFileType = sourcecode.c.h; path = "UIColor+WZAnimatingTransition.h"; sourceTree = "<group>"; };
		E0C07EB51B1D5AE900FF008D /* UIColor+WZAnimatingTransition.m */ = {isa = PBXFileReference; fileEncoding = 4; lastKnownFileType = sourcecode.c.objc; path = "UIColor+WZAnimatingTransition.m"; sourceTree = "<group>"; };
		E0C07EB61B1D5AE900FF008D /* WZAnimatingTransitionCell.h */ = {isa = PBXFileReference; fileEncoding = 4; lastKnownFileType = sourcecode.c.h; path = WZAnimatingTransitionCell.h; sourceTree = "<group>"; };
		E0C07EB71B1D5AE900FF008D /* WZAnimatingTransitionCell.m */ = {isa = PBXFileReference; fileEncoding = 4; lastKnownFileType = sourcecode.c.objc; path = WZAnimatingTransitionCell.m; sourceTree = "<group>"; };
		E0C07EB81B1D5AE900FF008D /* WZAnimatingTransitionCell.xib */ = {isa = PBXFileReference; fileEncoding = 4; lastKnownFileType = file.xib; path = WZAnimatingTransitionCell.xib; sourceTree = "<group>"; };
		E0C07EB91B1D5AE900FF008D /* WZTransitionDetailController.h */ = {isa = PBXFileReference; fileEncoding = 4; lastKnownFileType = sourcecode.c.h; path = WZTransitionDetailController.h; sourceTree = "<group>"; };
		E0C07EBA1B1D5AE900FF008D /* WZTransitionDetailController.m */ = {isa = PBXFileReference; fileEncoding = 4; lastKnownFileType = sourcecode.c.objc; path = WZTransitionDetailController.m; sourceTree = "<group>"; };
		E0C07EBB1B1D5AE900FF008D /* WZTransitionTableController.h */ = {isa = PBXFileReference; fileEncoding = 4; lastKnownFileType = sourcecode.c.h; path = WZTransitionTableController.h; sourceTree = "<group>"; };
		E0C07EBC1B1D5AE900FF008D /* WZTransitionTableController.m */ = {isa = PBXFileReference; fileEncoding = 4; lastKnownFileType = sourcecode.c.objc; path = WZTransitionTableController.m; sourceTree = "<group>"; };
		E0C07EC31B1D624B00FF008D /* WZDraggableSwitchHeaderView.h */ = {isa = PBXFileReference; fileEncoding = 4; lastKnownFileType = sourcecode.c.h; path = WZDraggableSwitchHeaderView.h; sourceTree = "<group>"; };
		E0C07EC41B1D624B00FF008D /* WZDraggableSwitchHeaderView.m */ = {isa = PBXFileReference; fileEncoding = 4; lastKnownFileType = sourcecode.c.objc; path = WZDraggableSwitchHeaderView.m; sourceTree = "<group>"; };
		E0C07EC61B1D64CA00FF008D /* WZAnimatingTransition.h */ = {isa = PBXFileReference; fileEncoding = 4; lastKnownFileType = sourcecode.c.h; name = WZAnimatingTransition.h; path = ../WZDraggableSwitchHeaderViewDemo/WZAnimatingTransition.h; sourceTree = "<group>"; };
		E0C07EC71B1D64CA00FF008D /* WZAnimatingTransition.m */ = {isa = PBXFileReference; fileEncoding = 4; lastKnownFileType = sourcecode.c.objc; name = WZAnimatingTransition.m; path = ../WZDraggableSwitchHeaderViewDemo/WZAnimatingTransition.m; sourceTree = "<group>"; };
		E0C07F311B21965D00FF008D /* bg.png */ = {isa = PBXFileReference; lastKnownFileType = image.png; path = bg.png; sourceTree = "<group>"; };
/* End PBXFileReference section */

/* Begin PBXFrameworksBuildPhase section */
		E004D0251B1C962A0056159B /* Frameworks */ = {
			isa = PBXFrameworksBuildPhase;
			buildActionMask = 2147483647;
			files = (
			);
			runOnlyForDeploymentPostprocessing = 0;
		};
		E004D03E1B1C962A0056159B /* Frameworks */ = {
			isa = PBXFrameworksBuildPhase;
			buildActionMask = 2147483647;
			files = (
			);
			runOnlyForDeploymentPostprocessing = 0;
		};
/* End PBXFrameworksBuildPhase section */

/* Begin PBXGroup section */
		E004D01F1B1C96290056159B = {
			isa = PBXGroup;
			children = (
				E004D02A1B1C962A0056159B /* WZDraggableSwitchHeaderViewDemo */,
				E004D0441B1C962A0056159B /* WZDraggableSwitchHeaderViewDemoTests */,
				E004D0291B1C962A0056159B /* Products */,
			);
			sourceTree = "<group>";
		};
		E004D0291B1C962A0056159B /* Products */ = {
			isa = PBXGroup;
			children = (
				E004D0281B1C962A0056159B /* WZDraggableSwitchHeaderViewDemo.app */,
				E004D0411B1C962A0056159B /* WZDraggableSwitchHeaderViewDemoTests.xctest */,
			);
			name = Products;
			sourceTree = "<group>";
		};
		E004D02A1B1C962A0056159B /* WZDraggableSwitchHeaderViewDemo */ = {
			isa = PBXGroup;
			children = (
				E0C07EC21B1D624B00FF008D /* WZDraggableSwitchHeaderView */,
				E0C07E9A1B1D5ACE00FF008D /* Font */,
				E0C07E9F1B1D5ACE00FF008D /* Logo */,
				E0C07EB41B1D5AE900FF008D /* UIColor+WZAnimatingTransition.h */,
				E0C07EB51B1D5AE900FF008D /* UIColor+WZAnimatingTransition.m */,
				E0C07EB61B1D5AE900FF008D /* WZAnimatingTransitionCell.h */,
				E0C07EB71B1D5AE900FF008D /* WZAnimatingTransitionCell.m */,
				E0C07EB81B1D5AE900FF008D /* WZAnimatingTransitionCell.xib */,
				E0C07EB91B1D5AE900FF008D /* WZTransitionDetailController.h */,
				E0C07EBA1B1D5AE900FF008D /* WZTransitionDetailController.m */,
				E0C07EBB1B1D5AE900FF008D /* WZTransitionTableController.h */,
				E0C07EBC1B1D5AE900FF008D /* WZTransitionTableController.m */,
				E004D02F1B1C962A0056159B /* AppDelegate.h */,
				E004D0301B1C962A0056159B /* AppDelegate.m */,
				E004D0381B1C962A0056159B /* Images.xcassets */,
				E004D03A1B1C962A0056159B /* LaunchScreen.xib */,
				E004D02B1B1C962A0056159B /* Supporting Files */,
			);
			path = WZDraggableSwitchHeaderViewDemo;
			sourceTree = "<group>";
		};
		E004D02B1B1C962A0056159B /* Supporting Files */ = {
			isa = PBXGroup;
			children = (
				E004D02C1B1C962A0056159B /* Info.plist */,
				E004D02D1B1C962A0056159B /* main.m */,
			);
			name = "Supporting Files";
			sourceTree = "<group>";
		};
		E004D0441B1C962A0056159B /* WZDraggableSwitchHeaderViewDemoTests */ = {
			isa = PBXGroup;
			children = (
				E004D0471B1C962A0056159B /* WZDraggableSwitchHeaderViewDemoTests.m */,
				E004D0451B1C962A0056159B /* Supporting Files */,
			);
			path = WZDraggableSwitchHeaderViewDemoTests;
			sourceTree = "<group>";
		};
		E004D0451B1C962A0056159B /* Supporting Files */ = {
			isa = PBXGroup;
			children = (
				E004D0461B1C962A0056159B /* Info.plist */,
			);
			name = "Supporting Files";
			sourceTree = "<group>";
		};
		E0C07E9A1B1D5ACE00FF008D /* Font */ = {
			isa = PBXGroup;
			children = (
				E0C07E9B1B1D5ACE00FF008D /* Fundamental Brigade Condensed.ttf */,
				E0C07E9C1B1D5ACE00FF008D /* Fundamental Brigade Schlank.ttf */,
				E0C07E9D1B1D5ACE00FF008D /* Fundamental Brigade Schwer.ttf */,
				E0C07E9E1B1D5ACE00FF008D /* Fundamental Brigade.ttf */,
			);
			path = Font;
			sourceTree = "<group>";
		};
		E0C07E9F1B1D5ACE00FF008D /* Logo */ = {
			isa = PBXGroup;
			children = (
				E0C07F311B21965D00FF008D /* bg.png */,
				E0C07EA01B1D5ACE00FF008D /* hc-drib3.png */,
				E0C07EA11B1D5ACE00FF008D /* ios7-cloudy.png */,
				E0C07EA21B1D5ACE00FF008D /* load-a.png */,
				E0C07EA31B1D5ACE00FF008D /* social-dribbble-outline.png */,
				E0C07EA41B1D5ACE00FF008D /* social-dropbox.png */,
				E0C07EA51B1D5ACE00FF008D /* social-github.png */,
				E0C07EA61B1D5ACE00FF008D /* social-instagram.png */,
				E0C07EA71B1D5ACE00FF008D /* up_arrow.png */,
			);
			path = Logo;
			sourceTree = "<group>";
		};
		E0C07EC21B1D624B00FF008D /* WZDraggableSwitchHeaderView */ = {
			isa = PBXGroup;
			children = (
				E0C07EC31B1D624B00FF008D /* WZDraggableSwitchHeaderView.h */,
				E0C07EC41B1D624B00FF008D /* WZDraggableSwitchHeaderView.m */,
				E0C07EC61B1D64CA00FF008D /* WZAnimatingTransition.h */,
				E0C07EC71B1D64CA00FF008D /* WZAnimatingTransition.m */,
			);
			name = WZDraggableSwitchHeaderView;
			path = ../WZDraggableSwitchHeaderView;
			sourceTree = "<group>";
		};
/* End PBXGroup section */

/* Begin PBXNativeTarget section */
		E004D0271B1C962A0056159B /* WZDraggableSwitchHeaderViewDemo */ = {
			isa = PBXNativeTarget;
			buildConfigurationList = E004D04B1B1C962A0056159B /* Build configuration list for PBXNativeTarget "WZDraggableSwitchHeaderViewDemo" */;
			buildPhases = (
				E004D0241B1C962A0056159B /* Sources */,
				E004D0251B1C962A0056159B /* Frameworks */,
				E004D0261B1C962A0056159B /* Resources */,
			);
			buildRules = (
			);
			dependencies = (
			);
			name = WZDraggableSwitchHeaderViewDemo;
			productName = WZDraggableSwitchHeaderViewDemo;
			productReference = E004D0281B1C962A0056159B /* WZDraggableSwitchHeaderViewDemo.app */;
			productType = "com.apple.product-type.application";
		};
		E004D0401B1C962A0056159B /* WZDraggableSwitchHeaderViewDemoTests */ = {
			isa = PBXNativeTarget;
			buildConfigurationList = E004D04E1B1C962A0056159B /* Build configuration list for PBXNativeTarget "WZDraggableSwitchHeaderViewDemoTests" */;
			buildPhases = (
				E004D03D1B1C962A0056159B /* Sources */,
				E004D03E1B1C962A0056159B /* Frameworks */,
				E004D03F1B1C962A0056159B /* Resources */,
			);
			buildRules = (
			);
			dependencies = (
				E004D0431B1C962A0056159B /* PBXTargetDependency */,
			);
			name = WZDraggableSwitchHeaderViewDemoTests;
			productName = WZDraggableSwitchHeaderViewDemoTests;
			productReference = E004D0411B1C962A0056159B /* WZDraggableSwitchHeaderViewDemoTests.xctest */;
			productType = "com.apple.product-type.bundle.unit-test";
		};
/* End PBXNativeTarget section */

/* Begin PBXProject section */
		E004D0201B1C96290056159B /* Project object */ = {
			isa = PBXProject;
			attributes = {
				LastUpgradeCheck = 0630;
				ORGANIZATIONNAME = Wongzigii;
				TargetAttributes = {
					E004D0271B1C962A0056159B = {
						CreatedOnToolsVersion = 6.3.1;
					};
					E004D0401B1C962A0056159B = {
						CreatedOnToolsVersion = 6.3.1;
						TestTargetID = E004D0271B1C962A0056159B;
					};
				};
			};
			buildConfigurationList = E004D0231B1C96290056159B /* Build configuration list for PBXProject "WZDraggableSwitchHeaderViewDemo" */;
			compatibilityVersion = "Xcode 3.2";
			developmentRegion = English;
			hasScannedForEncodings = 0;
			knownRegions = (
				en,
				Base,
			);
			mainGroup = E004D01F1B1C96290056159B;
			productRefGroup = E004D0291B1C962A0056159B /* Products */;
			projectDirPath = "";
			projectRoot = "";
			targets = (
				E004D0271B1C962A0056159B /* WZDraggableSwitchHeaderViewDemo */,
				E004D0401B1C962A0056159B /* WZDraggableSwitchHeaderViewDemoTests */,
			);
		};
/* End PBXProject section */

/* Begin PBXResourcesBuildPhase section */
		E004D0261B1C962A0056159B /* Resources */ = {
			isa = PBXResourcesBuildPhase;
			buildActionMask = 2147483647;
			files = (
				E004D03C1B1C962A0056159B /* LaunchScreen.xib in Resources */,
				E0C07EAB1B1D5ACE00FF008D /* Fundamental Brigade.ttf in Resources */,
				E0C07F321B21965D00FF008D /* bg.png in Resources */,
				E0C07EAE1B1D5ACE00FF008D /* load-a.png in Resources */,
				E0C07EAC1B1D5ACE00FF008D /* hc-drib3.png in Resources */,
				E004D0391B1C962A0056159B /* Images.xcassets in Resources */,
				E0C07EAA1B1D5ACE00FF008D /* Fundamental Brigade Schwer.ttf in Resources */,
				E0C07EA81B1D5ACE00FF008D /* Fundamental Brigade Condensed.ttf in Resources */,
				E0C07EA91B1D5ACE00FF008D /* Fundamental Brigade Schlank.ttf in Resources */,
				E0C07EB21B1D5ACE00FF008D /* social-instagram.png in Resources */,
				E0C07EAD1B1D5ACE00FF008D /* ios7-cloudy.png in Resources */,
				E0C07EB11B1D5ACE00FF008D /* social-github.png in Resources */,
				E0C07EB31B1D5ACE00FF008D /* up_arrow.png in Resources */,
				E0C07EAF1B1D5ACE00FF008D /* social-dribbble-outline.png in Resources */,
				E0C07EB01B1D5ACE00FF008D /* social-dropbox.png in Resources */,
				E0C07EBF1B1D5AE900FF008D /* WZAnimatingTransitionCell.xib in Resources */,
			);
			runOnlyForDeploymentPostprocessing = 0;
		};
		E004D03F1B1C962A0056159B /* Resources */ = {
			isa = PBXResourcesBuildPhase;
			buildActionMask = 2147483647;
			files = (
			);
			runOnlyForDeploymentPostprocessing = 0;
		};
/* End PBXResourcesBuildPhase section */

/* Begin PBXSourcesBuildPhase section */
		E004D0241B1C962A0056159B /* Sources */ = {
			isa = PBXSourcesBuildPhase;
			buildActionMask = 2147483647;
			files = (
				E0C07EC51B1D624B00FF008D /* WZDraggableSwitchHeaderView.m in Sources */,
				E0C07EC11B1D5AE900FF008D /* WZTransitionTableController.m in Sources */,
				E0C07EBE1B1D5AE900FF008D /* WZAnimatingTransitionCell.m in Sources */,
				E0C07EBD1B1D5AE900FF008D /* UIColor+WZAnimatingTransition.m in Sources */,
				E0C07EC01B1D5AE900FF008D /* WZTransitionDetailController.m in Sources */,
				E004D0311B1C962A0056159B /* AppDelegate.m in Sources */,
				E0C07EC81B1D64CA00FF008D /* WZAnimatingTransition.m in Sources */,
				E004D02E1B1C962A0056159B /* main.m in Sources */,
			);
			runOnlyForDeploymentPostprocessing = 0;
		};
		E004D03D1B1C962A0056159B /* Sources */ = {
			isa = PBXSourcesBuildPhase;
			buildActionMask = 2147483647;
			files = (
				E004D0481B1C962A0056159B /* WZDraggableSwitchHeaderViewDemoTests.m in Sources */,
			);
			runOnlyForDeploymentPostprocessing = 0;
		};
/* End PBXSourcesBuildPhase section */

/* Begin PBXTargetDependency section */
		E004D0431B1C962A0056159B /* PBXTargetDependency */ = {
			isa = PBXTargetDependency;
			target = E004D0271B1C962A0056159B /* WZDraggableSwitchHeaderViewDemo */;
			targetProxy = E004D0421B1C962A0056159B /* PBXContainerItemProxy */;
		};
/* End PBXTargetDependency section */

/* Begin PBXVariantGroup section */
		E004D03A1B1C962A0056159B /* LaunchScreen.xib */ = {
			isa = PBXVariantGroup;
			children = (
				E004D03B1B1C962A0056159B /* Base */,
			);
			name = LaunchScreen.xib;
			sourceTree = "<group>";
		};
/* End PBXVariantGroup section */

/* Begin XCBuildConfiguration section */
		E004D0491B1C962A0056159B /* Debug */ = {
			isa = XCBuildConfiguration;
			buildSettings = {
				ALWAYS_SEARCH_USER_PATHS = NO;
				CLANG_CXX_LANGUAGE_STANDARD = "gnu++0x";
				CLANG_CXX_LIBRARY = "libc++";
				CLANG_ENABLE_MODULES = YES;
				CLANG_ENABLE_OBJC_ARC = YES;
				CLANG_WARN_BOOL_CONVERSION = YES;
				CLANG_WARN_CONSTANT_CONVERSION = YES;
				CLANG_WARN_DIRECT_OBJC_ISA_USAGE = YES_ERROR;
				CLANG_WARN_EMPTY_BODY = YES;
				CLANG_WARN_ENUM_CONVERSION = YES;
				CLANG_WARN_INT_CONVERSION = YES;
				CLANG_WARN_OBJC_ROOT_CLASS = YES_ERROR;
				CLANG_WARN_UNREACHABLE_CODE = YES;
				CLANG_WARN__DUPLICATE_METHOD_MATCH = YES;
				"CODE_SIGN_IDENTITY[sdk=iphoneos*]" = "iPhone Developer";
				COPY_PHASE_STRIP = NO;
				DEBUG_INFORMATION_FORMAT = "dwarf-with-dsym";
				ENABLE_STRICT_OBJC_MSGSEND = YES;
				GCC_C_LANGUAGE_STANDARD = gnu99;
				GCC_DYNAMIC_NO_PIC = NO;
				GCC_NO_COMMON_BLOCKS = YES;
				GCC_OPTIMIZATION_LEVEL = 0;
				GCC_PREPROCESSOR_DEFINITIONS = (
					"DEBUG=1",
					"$(inherited)",
				);
				GCC_SYMBOLS_PRIVATE_EXTERN = NO;
				GCC_WARN_64_TO_32_BIT_CONVERSION = YES;
				GCC_WARN_ABOUT_RETURN_TYPE = YES_ERROR;
				GCC_WARN_UNDECLARED_SELECTOR = YES;
				GCC_WARN_UNINITIALIZED_AUTOS = YES_AGGRESSIVE;
				GCC_WARN_UNUSED_FUNCTION = YES;
				GCC_WARN_UNUSED_VARIABLE = YES;
				IPHONEOS_DEPLOYMENT_TARGET = 8.3;
				MTL_ENABLE_DEBUG_INFO = YES;
				ONLY_ACTIVE_ARCH = YES;
				SDKROOT = iphoneos;
			};
			name = Debug;
		};
		E004D04A1B1C962A0056159B /* Release */ = {
			isa = XCBuildConfiguration;
			buildSettings = {
				ALWAYS_SEARCH_USER_PATHS = NO;
				CLANG_CXX_LANGUAGE_STANDARD = "gnu++0x";
				CLANG_CXX_LIBRARY = "libc++";
				CLANG_ENABLE_MODULES = YES;
				CLANG_ENABLE_OBJC_ARC = YES;
				CLANG_WARN_BOOL_CONVERSION = YES;
				CLANG_WARN_CONSTANT_CONVERSION = YES;
				CLANG_WARN_DIRECT_OBJC_ISA_USAGE = YES_ERROR;
				CLANG_WARN_EMPTY_BODY = YES;
				CLANG_WARN_ENUM_CONVERSION = YES;
				CLANG_WARN_INT_CONVERSION = YES;
				CLANG_WARN_OBJC_ROOT_CLASS = YES_ERROR;
				CLANG_WARN_UNREACHABLE_CODE = YES;
				CLANG_WARN__DUPLICATE_METHOD_MATCH = YES;
				"CODE_SIGN_IDENTITY[sdk=iphoneos*]" = "iPhone Developer";
				COPY_PHASE_STRIP = NO;
				DEBUG_INFORMATION_FORMAT = "dwarf-with-dsym";
				ENABLE_NS_ASSERTIONS = NO;
				ENABLE_STRICT_OBJC_MSGSEND = YES;
				GCC_C_LANGUAGE_STANDARD = gnu99;
				GCC_NO_COMMON_BLOCKS = YES;
				GCC_WARN_64_TO_32_BIT_CONVERSION = YES;
				GCC_WARN_ABOUT_RETURN_TYPE = YES_ERROR;
				GCC_WARN_UNDECLARED_SELECTOR = YES;
				GCC_WARN_UNINITIALIZED_AUTOS = YES_AGGRESSIVE;
				GCC_WARN_UNUSED_FUNCTION = YES;
				GCC_WARN_UNUSED_VARIABLE = YES;
				IPHONEOS_DEPLOYMENT_TARGET = 8.3;
				MTL_ENABLE_DEBUG_INFO = NO;
				SDKROOT = iphoneos;
				VALIDATE_PRODUCT = YES;
			};
			name = Release;
		};
		E004D04C1B1C962A0056159B /* Debug */ = {
			isa = XCBuildConfiguration;
			buildSettings = {
				ASSETCATALOG_COMPILER_APPICON_NAME = AppIcon;
				INFOPLIST_FILE = WZDraggableSwitchHeaderViewDemo/Info.plist;
				LD_RUNPATH_SEARCH_PATHS = "$(inherited) @executable_path/Frameworks";
				PRODUCT_NAME = "$(TARGET_NAME)";
			};
			name = Debug;
		};
		E004D04D1B1C962A0056159B /* Release */ = {
			isa = XCBuildConfiguration;
			buildSettings = {
				ASSETCATALOG_COMPILER_APPICON_NAME = AppIcon;
				INFOPLIST_FILE = WZDraggableSwitchHeaderViewDemo/Info.plist;
				LD_RUNPATH_SEARCH_PATHS = "$(inherited) @executable_path/Frameworks";
				PRODUCT_NAME = "$(TARGET_NAME)";
			};
			name = Release;
		};
		E004D04F1B1C962A0056159B /* Debug */ = {
			isa = XCBuildConfiguration;
			buildSettings = {
				BUNDLE_LOADER = "$(TEST_HOST)";
				FRAMEWORK_SEARCH_PATHS = (
					"$(SDKROOT)/Developer/Library/Frameworks",
					"$(inherited)",
				);
				GCC_PREPROCESSOR_DEFINITIONS = (
					"DEBUG=1",
					"$(inherited)",
				);
				INFOPLIST_FILE = WZDraggableSwitchHeaderViewDemoTests/Info.plist;
				LD_RUNPATH_SEARCH_PATHS = "$(inherited) @executable_path/Frameworks @loader_path/Frameworks";
				PRODUCT_NAME = "$(TARGET_NAME)";
				TEST_HOST = "$(BUILT_PRODUCTS_DIR)/WZDraggableSwitchHeaderViewDemo.app/WZDraggableSwitchHeaderViewDemo";
			};
			name = Debug;
		};
		E004D0501B1C962A0056159B /* Release */ = {
			isa = XCBuildConfiguration;
			buildSettings = {
				BUNDLE_LOADER = "$(TEST_HOST)";
				FRAMEWORK_SEARCH_PATHS = (
					"$(SDKROOT)/Developer/Library/Frameworks",
					"$(inherited)",
				);
				INFOPLIST_FILE = WZDraggableSwitchHeaderViewDemoTests/Info.plist;
				LD_RUNPATH_SEARCH_PATHS = "$(inherited) @executable_path/Frameworks @loader_path/Frameworks";
				PRODUCT_NAME = "$(TARGET_NAME)";
				TEST_HOST = "$(BUILT_PRODUCTS_DIR)/WZDraggableSwitchHeaderViewDemo.app/WZDraggableSwitchHeaderViewDemo";
			};
			name = Release;
		};
/* End XCBuildConfiguration section */

/* Begin XCConfigurationList section */
		E004D0231B1C96290056159B /* Build configuration list for PBXProject "WZDraggableSwitchHeaderViewDemo" */ = {
			isa = XCConfigurationList;
			buildConfigurations = (
				E004D0491B1C962A0056159B /* Debug */,
				E004D04A1B1C962A0056159B /* Release */,
			);
			defaultConfigurationIsVisible = 0;
			defaultConfigurationName = Release;
		};
		E004D04B1B1C962A0056159B /* Build configuration list for PBXNativeTarget "WZDraggableSwitchHeaderViewDemo" */ = {
			isa = XCConfigurationList;
			buildConfigurations = (
				E004D04C1B1C962A0056159B /* Debug */,
				E004D04D1B1C962A0056159B /* Release */,
			);
			defaultConfigurationIsVisible = 0;
			defaultConfigurationName = Release;
		};
		E004D04E1B1C962A0056159B /* Build configuration list for PBXNativeTarget "WZDraggableSwitchHeaderViewDemoTests" */ = {
			isa = XCConfigurationList;
			buildConfigurations = (
				E004D04F1B1C962A0056159B /* Debug */,
				E004D0501B1C962A0056159B /* Release */,
			);
			defaultConfigurationIsVisible = 0;
			defaultConfigurationName = Release;
		};
/* End XCConfigurationList section */
	};
	rootObject = E004D0201B1C96290056159B /* Project object */;
}
